
Microsoft Visual Studio Solution File, Format Version 12.00
# Visual Studio 15
VisualStudioVersion = 15.0.27703.2018
MinimumVisualStudioVersion = 10.0.40219.1
Project("{FAE04EC0-301F-11D3-BF4B-00C04F79EFBC}") = "SA", "SA\SA.csproj", "{492B2BFF-2075-4C3F-8062-85C019B9722E}"
EndProject
Global
	GlobalSection(SolutionConfigurationPlatforms) = preSolution
		Debug|Any CPU = Debug|Any CPU
		Release|Any CPU = Release|Any CPU
	EndGlobalSection
	GlobalSection(ProjectConfigurationPlatforms) = postSolution
		{492B2BFF-2075-4C3F-8062-85C019B9722E}.Debug|Any CPU.ActiveCfg = Debug|Any CPU
		{492B2BFF-2075-4C3F-8062-85C019B9722E}.Debug|Any CPU.Build.0 = Debug|Any CPU
		{492B2BFF-2075-4C3F-8062-85C019B9722E}.Release|Any CPU.ActiveCfg = Release|Any CPU
		{492B2BFF-2075-4C3F-8062-85C019B9722E}.Release|Any CPU.Build.0 = Release|Any CPU
	EndGlobalSection
	GlobalSection(SolutionProperties) = preSolution
		HideSolutionNode = FALSE
	EndGlobalSection
	GlobalSection(ExtensibilityGlobals) = postSolution
		SolutionGuid = {99B78A49-CE98-43C8-9048-7FE6B73C72D0}
	EndGlobalSection
EndGlobal
